
Microsoft Visual Studio Solution File, Format Version 12.00
# Visual Studio Version 17
VisualStudioVersion = 17.3.32505.426
MinimumVisualStudioVersion = 10.0.40219.1
Project("{F184B08F-C81C-45F6-A57F-5ABD9991F28F}") = "Unimake.EBank.Solutions.RegisterBillet", "Unimake.EBank.Solutions.RegisterBillet\Unimake.EBank.Solutions.RegisterBillet.vbproj", "{B8FCE92E-01AB-41F0-8276-92279A6BA368}"
EndProject
Global
	GlobalSection(SolutionConfigurationPlatforms) = preSolution
		Debug|Any CPU = Debug|Any CPU
		Release|Any CPU = Release|Any CPU
	EndGlobalSection
	GlobalSection(ProjectConfigurationPlatforms) = postSolution
		{B8FCE92E-01AB-41F0-8276-92279A6BA368}.Debug|Any CPU.ActiveCfg = Debug|Any CPU
		{B8FCE92E-01AB-41F0-8276-92279A6BA368}.Debug|Any CPU.Build.0 = Debug|Any CPU
		{B8FCE92E-01AB-41F0-8276-92279A6BA368}.Release|Any CPU.ActiveCfg = Release|Any CPU
		{B8FCE92E-01AB-41F0-8276-92279A6BA368}.Release|Any CPU.Build.0 = Release|Any CPU
	EndGlobalSection
	GlobalSection(SolutionProperties) = preSolution
		HideSolutionNode = FALSE
	EndGlobalSection
	GlobalSection(ExtensibilityGlobals) = postSolution
		SolutionGuid = {03A6F301-E611-43B1-B3BC-4BAC686CDA4C}
	EndGlobalSection
EndGlobal
