
Microsoft Visual Studio Solution File, Format Version 12.00
# Visual Studio Version 17
VisualStudioVersion = 17.1.31911.260
MinimumVisualStudioVersion = 10.0.40219.1
Project("{9A19103F-16F7-4668-BE54-9A1E7A4F7556}") = "Unimake.EBank.Solutions", "Unimake.EBank.Solutions\Unimake.EBank.Solutions.csproj", "{006EEC71-4E9E-4571-A76A-B0076283DA17}"
EndProject
Project("{2150E333-8FDC-42A3-9474-1A3956D46DE8}") = "dll", "dll", "{C8C46F2B-435E-4A41-9DE7-072FB0CCAC1C}"
EndProject
Project("{2150E333-8FDC-42A3-9474-1A3956D46DE8}") = "tests", "tests", "{82CCFFAC-417A-460B-BD6C-6AF6B3369C14}"
EndProject
Project("{2150E333-8FDC-42A3-9474-1A3956D46DE8}") = "Solution Items", "Solution Items", "{F70B2EAC-DAC7-44B3-87AE-3DDD82E48E6A}"
	ProjectSection(SolutionItems) = preProject
		.editorconfig = .editorconfig
		PublishPackage.ps1 = PublishPackage.ps1
		readme.md = readme.md
		readme.tpl = readme.tpl
	EndProjectSection
EndProject
Project("{9A19103F-16F7-4668-BE54-9A1E7A4F7556}") = "Unimake.EBank.Solutions.Tests", "..\test\Unimake.EBank.Solutions.Tests\Unimake.EBank.Solutions.Tests.csproj", "{775AB0A8-509E-4EC9-B05C-64948960C25A}"
EndProject
Project("{2150E333-8FDC-42A3-9474-1A3956D46DE8}") = "Interop", "Interop", "{20555691-EB10-4875-ABA5-370D5338FF91}"
EndProject
Project("{778DAE3C-4631-46EA-AA77-85C1314464D9}") = "VBScript", "..\test\Interop\VBScript\VBScript.vbproj", "{1D1BE477-AA75-4089-9A43-178240A5EEED}"
EndProject
Global
	GlobalSection(SolutionConfigurationPlatforms) = preSolution
		Debug_Unimake|Any CPU = Debug_Unimake|Any CPU
		Debug|Any CPU = Debug|Any CPU
		Release|Any CPU = Release|Any CPU
	EndGlobalSection
	GlobalSection(ProjectConfigurationPlatforms) = postSolution
		{006EEC71-4E9E-4571-A76A-B0076283DA17}.Debug_Unimake|Any CPU.ActiveCfg = Debug-Unimake|Any CPU
		{006EEC71-4E9E-4571-A76A-B0076283DA17}.Debug_Unimake|Any CPU.Build.0 = Debug-Unimake|Any CPU
		{006EEC71-4E9E-4571-A76A-B0076283DA17}.Debug|Any CPU.ActiveCfg = Debug|Any CPU
		{006EEC71-4E9E-4571-A76A-B0076283DA17}.Debug|Any CPU.Build.0 = Debug|Any CPU
		{006EEC71-4E9E-4571-A76A-B0076283DA17}.Release|Any CPU.ActiveCfg = Release|Any CPU
		{006EEC71-4E9E-4571-A76A-B0076283DA17}.Release|Any CPU.Build.0 = Release|Any CPU
		{775AB0A8-509E-4EC9-B05C-64948960C25A}.Debug_Unimake|Any CPU.ActiveCfg = Debug-Unimake|Any CPU
		{775AB0A8-509E-4EC9-B05C-64948960C25A}.Debug_Unimake|Any CPU.Build.0 = Debug-Unimake|Any CPU
		{775AB0A8-509E-4EC9-B05C-64948960C25A}.Debug|Any CPU.ActiveCfg = Debug|Any CPU
		{775AB0A8-509E-4EC9-B05C-64948960C25A}.Debug|Any CPU.Build.0 = Debug|Any CPU
		{775AB0A8-509E-4EC9-B05C-64948960C25A}.Release|Any CPU.ActiveCfg = Release|Any CPU
		{775AB0A8-509E-4EC9-B05C-64948960C25A}.Release|Any CPU.Build.0 = Release|Any CPU
		{1D1BE477-AA75-4089-9A43-178240A5EEED}.Debug_Unimake|Any CPU.ActiveCfg = Debug-Unimake|Any CPU
		{1D1BE477-AA75-4089-9A43-178240A5EEED}.Debug|Any CPU.ActiveCfg = Debug|Any CPU
		{1D1BE477-AA75-4089-9A43-178240A5EEED}.Release|Any CPU.ActiveCfg = Release|Any CPU
	EndGlobalSection
	GlobalSection(SolutionProperties) = preSolution
		HideSolutionNode = FALSE
	EndGlobalSection
	GlobalSection(NestedProjects) = preSolution
		{006EEC71-4E9E-4571-A76A-B0076283DA17} = {C8C46F2B-435E-4A41-9DE7-072FB0CCAC1C}
		{775AB0A8-509E-4EC9-B05C-64948960C25A} = {82CCFFAC-417A-460B-BD6C-6AF6B3369C14}
		{20555691-EB10-4875-ABA5-370D5338FF91} = {82CCFFAC-417A-460B-BD6C-6AF6B3369C14}
		{1D1BE477-AA75-4089-9A43-178240A5EEED} = {20555691-EB10-4875-ABA5-370D5338FF91}
	EndGlobalSection
	GlobalSection(ExtensibilityGlobals) = postSolution
		SolutionGuid = {C0A7375E-E5BB-4B51-A92C-4853A9FC7CF8}
	EndGlobalSection
EndGlobal
